// !$*UTF8*$!
{
	archiveVersion = 1;
	classes = {
	};
	objectVersion = 46;
	objects = {

/* Begin PBXBuildFile section */
		1E9D2E1E19107BE90069AA18 /* CoreData.framework in Frameworks */ = {isa = PBXBuildFile; fileRef = 1E9D2E1D19107BE90069AA18 /* CoreData.framework */; };
		1E9D2E2219107C5B0069AA18 /* CoreDataModel.xcdatamodeld in Sources */ = {isa = PBXBuildFile; fileRef = 1E9D2E2019107C5B0069AA18 /* CoreDataModel.xcdatamodeld */; };
		1E9D2E251910810F0069AA18 /* CategoryModel.m in Sources */ = {isa = PBXBuildFile; fileRef = 1E9D2E241910810F0069AA18 /* CategoryModel.m */; };
		1E9D2E281910810F0069AA18 /* ComicModel.m in Sources */ = {isa = PBXBuildFile; fileRef = 1E9D2E271910810F0069AA18 /* ComicModel.m */; };
		1E9D2E2B1910810F0069AA18 /* AuthorModel.m in Sources */ = {isa = PBXBuildFile; fileRef = 1E9D2E2A1910810F0069AA18 /* AuthorModel.m */; };
		1EBBD02D190FD13C0038B739 /* AFHTTPRequestOperation.m in Sources */ = {isa = PBXBuildFile; fileRef = 1EBBD016190FD13C0038B739 /* AFHTTPRequestOperation.m */; settings = {COMPILER_FLAGS = "-fobjc-arc"; }; };
		1EBBD02E190FD13C0038B739 /* AFHTTPRequestOperationManager.m in Sources */ = {isa = PBXBuildFile; fileRef = 1EBBD018190FD13C0038B739 /* AFHTTPRequestOperationManager.m */; settings = {COMPILER_FLAGS = "-fobjc-arc"; }; };
		1EBBD02F190FD13C0038B739 /* AFHTTPSessionManager.m in Sources */ = {isa = PBXBuildFile; fileRef = 1EBBD01A190FD13C0038B739 /* AFHTTPSessionManager.m */; settings = {COMPILER_FLAGS = "-fobjc-arc"; }; };
		1EBBD030190FD13C0038B739 /* AFNetworkReachabilityManager.m in Sources */ = {isa = PBXBuildFile; fileRef = 1EBBD01D190FD13C0038B739 /* AFNetworkReachabilityManager.m */; settings = {COMPILER_FLAGS = "-fobjc-arc"; }; };
		1EBBD031190FD13C0038B739 /* AFSecurityPolicy.m in Sources */ = {isa = PBXBuildFile; fileRef = 1EBBD01F190FD13C0038B739 /* AFSecurityPolicy.m */; settings = {COMPILER_FLAGS = "-fobjc-arc"; }; };
		1EBBD032190FD13C0038B739 /* AFURLConnectionOperation.m in Sources */ = {isa = PBXBuildFile; fileRef = 1EBBD021190FD13C0038B739 /* AFURLConnectionOperation.m */; settings = {COMPILER_FLAGS = "-fobjc-arc"; }; };
		1EBBD033190FD13C0038B739 /* AFURLRequestSerialization.m in Sources */ = {isa = PBXBuildFile; fileRef = 1EBBD023190FD13C0038B739 /* AFURLRequestSerialization.m */; settings = {COMPILER_FLAGS = "-fobjc-arc"; }; };
		1EBBD034190FD13C0038B739 /* AFURLResponseSerialization.m in Sources */ = {isa = PBXBuildFile; fileRef = 1EBBD025190FD13C0038B739 /* AFURLResponseSerialization.m */; settings = {COMPILER_FLAGS = "-fobjc-arc"; }; };
		1EBBD035190FD13C0038B739 /* AFURLSessionManager.m in Sources */ = {isa = PBXBuildFile; fileRef = 1EBBD027190FD13C0038B739 /* AFURLSessionManager.m */; settings = {COMPILER_FLAGS = "-fobjc-arc"; }; };
		1EBBD036190FD13C0038B739 /* HTMLNode.m in Sources */ = {isa = PBXBuildFile; fileRef = 1EBBD02A190FD13C0038B739 /* HTMLNode.m */; };
		1EBBD037190FD13C0038B739 /* HTMLParser.m in Sources */ = {isa = PBXBuildFile; fileRef = 1EBBD02C190FD13C0038B739 /* HTMLParser.m */; };
		1EBBD039190FD1C80038B739 /* libxml2.dylib in Frameworks */ = {isa = PBXBuildFile; fileRef = 1EBBD038190FD1C80038B739 /* libxml2.dylib */; };
		1EBBD03E190FD7250038B739 /* FullComicViewController.m in Sources */ = {isa = PBXBuildFile; fileRef = 1EBBD03C190FD7250038B739 /* FullComicViewController.m */; };
		1EBBD03F190FD7250038B739 /* FullComicViewController.xib in Resources */ = {isa = PBXBuildFile; fileRef = 1EBBD03D190FD7250038B739 /* FullComicViewController.xib */; };
		1ECF3ED7190DD8B000EB02AB /* Foundation.framework in Frameworks */ = {isa = PBXBuildFile; fileRef = 1ECF3ED6190DD8B000EB02AB /* Foundation.framework */; };
		1ECF3ED9190DD8B000EB02AB /* CoreGraphics.framework in Frameworks */ = {isa = PBXBuildFile; fileRef = 1ECF3ED8190DD8B000EB02AB /* CoreGraphics.framework */; };
		1ECF3EDB190DD8B000EB02AB /* UIKit.framework in Frameworks */ = {isa = PBXBuildFile; fileRef = 1ECF3EDA190DD8B000EB02AB /* UIKit.framework */; };
		1ECF3EE1190DD8B000EB02AB /* InfoPlist.strings in Resources */ = {isa = PBXBuildFile; fileRef = 1ECF3EDF190DD8B000EB02AB /* InfoPlist.strings */; };
		1ECF3EE3190DD8B000EB02AB /* main.m in Sources */ = {isa = PBXBuildFile; fileRef = 1ECF3EE2190DD8B000EB02AB /* main.m */; };
		1ECF3EE7190DD8B000EB02AB /* AppDelegate.m in Sources */ = {isa = PBXBuildFile; fileRef = 1ECF3EE6190DD8B000EB02AB /* AppDelegate.m */; };
		1ECF3F08190DDA7900EB02AB /* MainViewController.m in Sources */ = {isa = PBXBuildFile; fileRef = 1ECF3F06190DDA7900EB02AB /* MainViewController.m */; };
		1ECF3F09190DDA7900EB02AB /* MainViewController.xib in Resources */ = {isa = PBXBuildFile; fileRef = 1ECF3F07190DDA7900EB02AB /* MainViewController.xib */; };
		1ECF3F0D190DDDF300EB02AB /* WBBService.m in Sources */ = {isa = PBXBuildFile; fileRef = 1ECF3F0C190DDDF300EB02AB /* WBBService.m */; };
		1ECF3F12190DDF0C00EB02AB /* ComicStripCell.m in Sources */ = {isa = PBXBuildFile; fileRef = 1ECF3F11190DDF0C00EB02AB /* ComicStripCell.m */; };
		1ECF3F14190DDF2100EB02AB /* ComicStripCell.xib in Resources */ = {isa = PBXBuildFile; fileRef = 1ECF3F13190DDF2100EB02AB /* ComicStripCell.xib */; };
		1ECF3F18190DE20100EB02AB /* Utils.m in Sources */ = {isa = PBXBuildFile; fileRef = 1ECF3F17190DE20100EB02AB /* Utils.m */; };
		1ECF3F1B190DE2BD00EB02AB /* empty.png in Resources */ = {isa = PBXBuildFile; fileRef = 1ECF3F1A190DE2BD00EB02AB /* empty.png */; };
/* End PBXBuildFile section */

/* Begin PBXFileReference section */
		1E9D2E1D19107BE90069AA18 /* CoreData.framework */ = {isa = PBXFileReference; lastKnownFileType = wrapper.framework; name = CoreData.framework; path = System/Library/Frameworks/CoreData.framework; sourceTree = SDKROOT; };
		1E9D2E2119107C5B0069AA18 /* CoreDataModel.xcdatamodel */ = {isa = PBXFileReference; lastKnownFileType = wrapper.xcdatamodel; path = CoreDataModel.xcdatamodel; sourceTree = "<group>"; };
		1E9D2E231910810F0069AA18 /* CategoryModel.h */ = {isa = PBXFileReference; fileEncoding = 4; lastKnownFileType = sourcecode.c.h; name = CategoryModel.h; path = CoreData/CategoryModel.h; sourceTree = "<group>"; };
		1E9D2E241910810F0069AA18 /* CategoryModel.m */ = {isa = PBXFileReference; fileEncoding = 4; lastKnownFileType = sourcecode.c.objc; name = CategoryModel.m; path = CoreData/CategoryModel.m; sourceTree = "<group>"; };
		1E9D2E261910810F0069AA18 /* ComicModel.h */ = {isa = PBXFileReference; fileEncoding = 4; lastKnownFileType = sourcecode.c.h; name = ComicModel.h; path = CoreData/ComicModel.h; sourceTree = "<group>"; };
		1E9D2E271910810F0069AA18 /* ComicModel.m */ = {isa = PBXFileReference; fileEncoding = 4; lastKnownFileType = sourcecode.c.objc; name = ComicModel.m; path = CoreData/ComicModel.m; sourceTree = "<group>"; };
		1E9D2E291910810F0069AA18 /* AuthorModel.h */ = {isa = PBXFileReference; fileEncoding = 4; lastKnownFileType = sourcecode.c.h; name = AuthorModel.h; path = CoreData/AuthorModel.h; sourceTree = "<group>"; };
		1E9D2E2A1910810F0069AA18 /* AuthorModel.m */ = {isa = PBXFileReference; fileEncoding = 4; lastKnownFileType = sourcecode.c.objc; name = AuthorModel.m; path = CoreData/AuthorModel.m; sourceTree = "<group>"; };
		1EBBD015190FD13C0038B739 /* AFHTTPRequestOperation.h */ = {isa = PBXFileReference; fileEncoding = 4; lastKnownFileType = sourcecode.c.h; path = AFHTTPRequestOperation.h; sourceTree = "<group>"; };
		1EBBD016190FD13C0038B739 /* AFHTTPRequestOperation.m */ = {isa = PBXFileReference; fileEncoding = 4; lastKnownFileType = sourcecode.c.objc; path = AFHTTPRequestOperation.m; sourceTree = "<group>"; };
		1EBBD017190FD13C0038B739 /* AFHTTPRequestOperationManager.h */ = {isa = PBXFileReference; fileEncoding = 4; lastKnownFileType = sourcecode.c.h; path = AFHTTPRequestOperationManager.h; sourceTree = "<group>"; };
		1EBBD018190FD13C0038B739 /* AFHTTPRequestOperationManager.m */ = {isa = PBXFileReference; fileEncoding = 4; lastKnownFileType = sourcecode.c.objc; path = AFHTTPRequestOperationManager.m; sourceTree = "<group>"; };
		1EBBD019190FD13C0038B739 /* AFHTTPSessionManager.h */ = {isa = PBXFileReference; fileEncoding = 4; lastKnownFileType = sourcecode.c.h; path = AFHTTPSessionManager.h; sourceTree = "<group>"; };
		1EBBD01A190FD13C0038B739 /* AFHTTPSessionManager.m */ = {isa = PBXFileReference; fileEncoding = 4; lastKnownFileType = sourcecode.c.objc; path = AFHTTPSessionManager.m; sourceTree = "<group>"; };
		1EBBD01B190FD13C0038B739 /* AFNetworking.h */ = {isa = PBXFileReference; fileEncoding = 4; lastKnownFileType = sourcecode.c.h; path = AFNetworking.h; sourceTree = "<group>"; };
		1EBBD01C190FD13C0038B739 /* AFNetworkReachabilityManager.h */ = {isa = PBXFileReference; fileEncoding = 4; lastKnownFileType = sourcecode.c.h; path = AFNetworkReachabilityManager.h; sourceTree = "<group>"; };
		1EBBD01D190FD13C0038B739 /* AFNetworkReachabilityManager.m */ = {isa = PBXFileReference; fileEncoding = 4; lastKnownFileType = sourcecode.c.objc; path = AFNetworkReachabilityManager.m; sourceTree = "<group>"; };
		1EBBD01E190FD13C0038B739 /* AFSecurityPolicy.h */ = {isa = PBXFileReference; fileEncoding = 4; lastKnownFileType = sourcecode.c.h; path = AFSecurityPolicy.h; sourceTree = "<group>"; };
		1EBBD01F190FD13C0038B739 /* AFSecurityPolicy.m */ = {isa = PBXFileReference; fileEncoding = 4; lastKnownFileType = sourcecode.c.objc; path = AFSecurityPolicy.m; sourceTree = "<group>"; };
		1EBBD020190FD13C0038B739 /* AFURLConnectionOperation.h */ = {isa = PBXFileReference; fileEncoding = 4; lastKnownFileType = sourcecode.c.h; path = AFURLConnectionOperation.h; sourceTree = "<group>"; };
		1EBBD021190FD13C0038B739 /* AFURLConnectionOperation.m */ = {isa = PBXFileReference; fileEncoding = 4; lastKnownFileType = sourcecode.c.objc; path = AFURLConnectionOperation.m; sourceTree = "<group>"; };
		1EBBD022190FD13C0038B739 /* AFURLRequestSerialization.h */ = {isa = PBXFileReference; fileEncoding = 4; lastKnownFileType = sourcecode.c.h; path = AFURLRequestSerialization.h; sourceTree = "<group>"; };
		1EBBD023190FD13C0038B739 /* AFURLRequestSerialization.m */ = {isa = PBXFileReference; fileEncoding = 4; lastKnownFileType = sourcecode.c.objc; path = AFURLRequestSerialization.m; sourceTree = "<group>"; };
		1EBBD024190FD13C0038B739 /* AFURLResponseSerialization.h */ = {isa = PBXFileReference; fileEncoding = 4; lastKnownFileType = sourcecode.c.h; path = AFURLResponseSerialization.h; sourceTree = "<group>"; };
		1EBBD025190FD13C0038B739 /* AFURLResponseSerialization.m */ = {isa = PBXFileReference; fileEncoding = 4; lastKnownFileType = sourcecode.c.objc; path = AFURLResponseSerialization.m; sourceTree = "<group>"; };
		1EBBD026190FD13C0038B739 /* AFURLSessionManager.h */ = {isa = PBXFileReference; fileEncoding = 4; lastKnownFileType = sourcecode.c.h; path = AFURLSessionManager.h; sourceTree = "<group>"; };
		1EBBD027190FD13C0038B739 /* AFURLSessionManager.m */ = {isa = PBXFileReference; fileEncoding = 4; lastKnownFileType = sourcecode.c.objc; path = AFURLSessionManager.m; sourceTree = "<group>"; };
		1EBBD029190FD13C0038B739 /* HTMLNode.h */ = {isa = PBXFileReference; fileEncoding = 4; lastKnownFileType = sourcecode.c.h; path = HTMLNode.h; sourceTree = "<group>"; };
		1EBBD02A190FD13C0038B739 /* HTMLNode.m */ = {isa = PBXFileReference; fileEncoding = 4; lastKnownFileType = sourcecode.c.objc; path = HTMLNode.m; sourceTree = "<group>"; };
		1EBBD02B190FD13C0038B739 /* HTMLParser.h */ = {isa = PBXFileReference; fileEncoding = 4; lastKnownFileType = sourcecode.c.h; path = HTMLParser.h; sourceTree = "<group>"; };
		1EBBD02C190FD13C0038B739 /* HTMLParser.m */ = {isa = PBXFileReference; fileEncoding = 4; lastKnownFileType = sourcecode.c.objc; path = HTMLParser.m; sourceTree = "<group>"; };
		1EBBD038190FD1C80038B739 /* libxml2.dylib */ = {isa = PBXFileReference; lastKnownFileType = "compiled.mach-o.dylib"; name = libxml2.dylib; path = usr/lib/libxml2.dylib; sourceTree = SDKROOT; };
		1EBBD03B190FD7250038B739 /* FullComicViewController.h */ = {isa = PBXFileReference; fileEncoding = 4; lastKnownFileType = sourcecode.c.h; name = FullComicViewController.h; path = Views/FullComicViewController.h; sourceTree = "<group>"; };
		1EBBD03C190FD7250038B739 /* FullComicViewController.m */ = {isa = PBXFileReference; fileEncoding = 4; lastKnownFileType = sourcecode.c.objc; name = FullComicViewController.m; path = Views/FullComicViewController.m; sourceTree = "<group>"; };
		1EBBD03D190FD7250038B739 /* FullComicViewController.xib */ = {isa = PBXFileReference; fileEncoding = 4; lastKnownFileType = file.xib; name = FullComicViewController.xib; path = Views/FullComicViewController.xib; sourceTree = "<group>"; };
		1ECF3ED3190DD8B000EB02AB /* WannaBeTheBatCoreSample.app */ = {isa = PBXFileReference; explicitFileType = wrapper.application; includeInIndex = 0; path = WannaBeTheBatCoreSample.app; sourceTree = BUILT_PRODUCTS_DIR; };
		1ECF3ED6190DD8B000EB02AB /* Foundation.framework */ = {isa = PBXFileReference; lastKnownFileType = wrapper.framework; name = Foundation.framework; path = System/Library/Frameworks/Foundation.framework; sourceTree = SDKROOT; };
		1ECF3ED8190DD8B000EB02AB /* CoreGraphics.framework */ = {isa = PBXFileReference; lastKnownFileType = wrapper.framework; name = CoreGraphics.framework; path = System/Library/Frameworks/CoreGraphics.framework; sourceTree = SDKROOT; };
		1ECF3EDA190DD8B000EB02AB /* UIKit.framework */ = {isa = PBXFileReference; lastKnownFileType = wrapper.framework; name = UIKit.framework; path = System/Library/Frameworks/UIKit.framework; sourceTree = SDKROOT; };
		1ECF3EDE190DD8B000EB02AB /* WannaBeTheBatCoreSample-Info.plist */ = {isa = PBXFileReference; lastKnownFileType = text.plist.xml; path = "WannaBeTheBatCoreSample-Info.plist"; sourceTree = "<group>"; };
		1ECF3EE0190DD8B000EB02AB /* en */ = {isa = PBXFileReference; lastKnownFileType = text.plist.strings; name = en; path = en.lproj/InfoPlist.strings; sourceTree = "<group>"; };
		1ECF3EE2190DD8B000EB02AB /* main.m */ = {isa = PBXFileReference; lastKnownFileType = sourcecode.c.objc; path = main.m; sourceTree = "<group>"; };
		1ECF3EE4190DD8B000EB02AB /* WannaBeTheBatCoreSample-Prefix.pch */ = {isa = PBXFileReference; lastKnownFileType = sourcecode.c.h; path = "WannaBeTheBatCoreSample-Prefix.pch"; sourceTree = "<group>"; };
		1ECF3EE5190DD8B000EB02AB /* AppDelegate.h */ = {isa = PBXFileReference; lastKnownFileType = sourcecode.c.h; path = AppDelegate.h; sourceTree = "<group>"; };
		1ECF3EE6190DD8B000EB02AB /* AppDelegate.m */ = {isa = PBXFileReference; lastKnownFileType = sourcecode.c.objc; path = AppDelegate.m; sourceTree = "<group>"; };
		1ECF3EEF190DD8B000EB02AB /* XCTest.framework */ = {isa = PBXFileReference; lastKnownFileType = wrapper.framework; name = XCTest.framework; path = Library/Frameworks/XCTest.framework; sourceTree = DEVELOPER_DIR; };
		1ECF3F05190DDA7900EB02AB /* MainViewController.h */ = {isa = PBXFileReference; fileEncoding = 4; lastKnownFileType = sourcecode.c.h; name = MainViewController.h; path = MainViewController/MainViewController.h; sourceTree = "<group>"; };
		1ECF3F06190DDA7900EB02AB /* MainViewController.m */ = {isa = PBXFileReference; fileEncoding = 4; lastKnownFileType = sourcecode.c.objc; name = MainViewController.m; path = MainViewController/MainViewController.m; sourceTree = "<group>"; };
		1ECF3F07190DDA7900EB02AB /* MainViewController.xib */ = {isa = PBXFileReference; fileEncoding = 4; lastKnownFileType = file.xib; name = MainViewController.xib; path = MainViewController/MainViewController.xib; sourceTree = "<group>"; };
		1ECF3F0B190DDDF300EB02AB /* WBBService.h */ = {isa = PBXFileReference; fileEncoding = 4; lastKnownFileType = sourcecode.c.h; name = WBBService.h; path = WBBService/WBBService.h; sourceTree = "<group>"; };
		1ECF3F0C190DDDF300EB02AB /* WBBService.m */ = {isa = PBXFileReference; fileEncoding = 4; lastKnownFileType = sourcecode.c.objc; name = WBBService.m; path = WBBService/WBBService.m; sourceTree = "<group>"; };
		1ECF3F10190DDF0C00EB02AB /* ComicStripCell.h */ = {isa = PBXFileReference; fileEncoding = 4; lastKnownFileType = sourcecode.c.h; name = ComicStripCell.h; path = ComicStripCell/ComicStripCell.h; sourceTree = "<group>"; };
		1ECF3F11190DDF0C00EB02AB /* ComicStripCell.m */ = {isa = PBXFileReference; fileEncoding = 4; lastKnownFileType = sourcecode.c.objc; name = ComicStripCell.m; path = ComicStripCell/ComicStripCell.m; sourceTree = "<group>"; };
		1ECF3F13190DDF2100EB02AB /* ComicStripCell.xib */ = {isa = PBXFileReference; fileEncoding = 4; lastKnownFileType = file.xib; name = ComicStripCell.xib; path = ComicStripCell/ComicStripCell.xib; sourceTree = "<group>"; };
		1ECF3F16190DE20100EB02AB /* Utils.h */ = {isa = PBXFileReference; fileEncoding = 4; lastKnownFileType = sourcecode.c.h; path = Utils.h; sourceTree = "<group>"; };
		1ECF3F17190DE20100EB02AB /* Utils.m */ = {isa = PBXFileReference; fileEncoding = 4; lastKnownFileType = sourcecode.c.objc; path = Utils.m; sourceTree = "<group>"; };
		1ECF3F1A190DE2BD00EB02AB /* empty.png */ = {isa = PBXFileReference; lastKnownFileType = image.png; path = empty.png; sourceTree = "<group>"; };
/* End PBXFileReference section */

/* Begin PBXFrameworksBuildPhase section */
		1ECF3ED0190DD8B000EB02AB /* Frameworks */ = {
			isa = PBXFrameworksBuildPhase;
			buildActionMask = 2147483647;
			files = (
				1E9D2E1E19107BE90069AA18 /* CoreData.framework in Frameworks */,
				1EBBD039190FD1C80038B739 /* libxml2.dylib in Frameworks */,
				1ECF3ED9190DD8B000EB02AB /* CoreGraphics.framework in Frameworks */,
				1ECF3EDB190DD8B000EB02AB /* UIKit.framework in Frameworks */,
				1ECF3ED7190DD8B000EB02AB /* Foundation.framework in Frameworks */,
			);
			runOnlyForDeploymentPostprocessing = 0;
		};
/* End PBXFrameworksBuildPhase section */

/* Begin PBXGroup section */
		1E9D2E1F19107C350069AA18 /* CoreData */ = {
			isa = PBXGroup;
			children = (
				1E9D2E2019107C5B0069AA18 /* CoreDataModel.xcdatamodeld */,
				1E9D2E291910810F0069AA18 /* AuthorModel.h */,
				1E9D2E2A1910810F0069AA18 /* AuthorModel.m */,
				1E9D2E261910810F0069AA18 /* ComicModel.h */,
				1E9D2E271910810F0069AA18 /* ComicModel.m */,
				1E9D2E231910810F0069AA18 /* CategoryModel.h */,
				1E9D2E241910810F0069AA18 /* CategoryModel.m */,
			);
			name = CoreData;
			sourceTree = "<group>";
		};
		1EBBD014190FD13C0038B739 /* AFNetworking */ = {
			isa = PBXGroup;
			children = (
				1EBBD015190FD13C0038B739 /* AFHTTPRequestOperation.h */,
				1EBBD016190FD13C0038B739 /* AFHTTPRequestOperation.m */,
				1EBBD017190FD13C0038B739 /* AFHTTPRequestOperationManager.h */,
				1EBBD018190FD13C0038B739 /* AFHTTPRequestOperationManager.m */,
				1EBBD019190FD13C0038B739 /* AFHTTPSessionManager.h */,
				1EBBD01A190FD13C0038B739 /* AFHTTPSessionManager.m */,
				1EBBD01B190FD13C0038B739 /* AFNetworking.h */,
				1EBBD01C190FD13C0038B739 /* AFNetworkReachabilityManager.h */,
				1EBBD01D190FD13C0038B739 /* AFNetworkReachabilityManager.m */,
				1EBBD01E190FD13C0038B739 /* AFSecurityPolicy.h */,
				1EBBD01F190FD13C0038B739 /* AFSecurityPolicy.m */,
				1EBBD020190FD13C0038B739 /* AFURLConnectionOperation.h */,
				1EBBD021190FD13C0038B739 /* AFURLConnectionOperation.m */,
				1EBBD022190FD13C0038B739 /* AFURLRequestSerialization.h */,
				1EBBD023190FD13C0038B739 /* AFURLRequestSerialization.m */,
				1EBBD024190FD13C0038B739 /* AFURLResponseSerialization.h */,
				1EBBD025190FD13C0038B739 /* AFURLResponseSerialization.m */,
				1EBBD026190FD13C0038B739 /* AFURLSessionManager.h */,
				1EBBD027190FD13C0038B739 /* AFURLSessionManager.m */,
			);
			name = AFNetworking;
			path = External/AFNetworking;
			sourceTree = "<group>";
		};
		1EBBD028190FD13C0038B739 /* HTMLParser */ = {
			isa = PBXGroup;
			children = (
				1EBBD029190FD13C0038B739 /* HTMLNode.h */,
				1EBBD02A190FD13C0038B739 /* HTMLNode.m */,
				1EBBD02B190FD13C0038B739 /* HTMLParser.h */,
				1EBBD02C190FD13C0038B739 /* HTMLParser.m */,
			);
			name = HTMLParser;
			path = External/HTMLParser;
			sourceTree = "<group>";
		};
		1EBBD03A190FD7010038B739 /* Views */ = {
			isa = PBXGroup;
			children = (
				1EBBD03B190FD7250038B739 /* FullComicViewController.h */,
				1EBBD03C190FD7250038B739 /* FullComicViewController.m */,
				1EBBD03D190FD7250038B739 /* FullComicViewController.xib */,
			);
			name = Views;
			sourceTree = "<group>";
		};
		1ECF3ECA190DD8B000EB02AB = {
			isa = PBXGroup;
			children = (
				1E9D2E1F19107C350069AA18 /* CoreData */,
				1ECF3F20190DEBCC00EB02AB /* External */,
				1ECF3EDC190DD8B000EB02AB /* WannaBeTheBatCoreSample */,
				1ECF3ED5190DD8B000EB02AB /* Frameworks */,
				1ECF3ED4190DD8B000EB02AB /* Products */,
			);
			sourceTree = "<group>";
		};
		1ECF3ED4190DD8B000EB02AB /* Products */ = {
			isa = PBXGroup;
			children = (
				1ECF3ED3190DD8B000EB02AB /* WannaBeTheBatCoreSample.app */,
			);
			name = Products;
			sourceTree = "<group>";
		};
		1ECF3ED5190DD8B000EB02AB /* Frameworks */ = {
			isa = PBXGroup;
			children = (
				1E9D2E1D19107BE90069AA18 /* CoreData.framework */,
				1EBBD038190FD1C80038B739 /* libxml2.dylib */,
				1ECF3ED6190DD8B000EB02AB /* Foundation.framework */,
				1ECF3ED8190DD8B000EB02AB /* CoreGraphics.framework */,
				1ECF3EDA190DD8B000EB02AB /* UIKit.framework */,
				1ECF3EEF190DD8B000EB02AB /* XCTest.framework */,
			);
			name = Frameworks;
			sourceTree = "<group>";
		};
		1ECF3EDC190DD8B000EB02AB /* WannaBeTheBatCoreSample */ = {
			isa = PBXGroup;
			children = (
				1EBBD03A190FD7010038B739 /* Views */,
				1ECF3F19190DE2B600EB02AB /* images */,
				1ECF3F15190DE20100EB02AB /* Utils */,
				1ECF3F0E190DDEB800EB02AB /* MainViewController */,
				1ECF3F0A190DDCF100EB02AB /* Core */,
				1ECF3EE5190DD8B000EB02AB /* AppDelegate.h */,
				1ECF3EE6190DD8B000EB02AB /* AppDelegate.m */,
				1ECF3EDD190DD8B000EB02AB /* Supporting Files */,
			);
			path = WannaBeTheBatCoreSample;
			sourceTree = "<group>";
		};
		1ECF3EDD190DD8B000EB02AB /* Supporting Files */ = {
			isa = PBXGroup;
			children = (
				1ECF3EDE190DD8B000EB02AB /* WannaBeTheBatCoreSample-Info.plist */,
				1ECF3EDF190DD8B000EB02AB /* InfoPlist.strings */,
				1ECF3EE2190DD8B000EB02AB /* main.m */,
				1ECF3EE4190DD8B000EB02AB /* WannaBeTheBatCoreSample-Prefix.pch */,
			);
			name = "Supporting Files";
			sourceTree = "<group>";
		};
		1ECF3F0A190DDCF100EB02AB /* Core */ = {
			isa = PBXGroup;
			children = (
				1ECF3F0B190DDDF300EB02AB /* WBBService.h */,
				1ECF3F0C190DDDF300EB02AB /* WBBService.m */,
			);
			name = Core;
			sourceTree = "<group>";
		};
		1ECF3F0E190DDEB800EB02AB /* MainViewController */ = {
			isa = PBXGroup;
			children = (
				1ECF3F0F190DDECD00EB02AB /* ComicStripCell */,
				1ECF3F05190DDA7900EB02AB /* MainViewController.h */,
				1ECF3F06190DDA7900EB02AB /* MainViewController.m */,
				1ECF3F07190DDA7900EB02AB /* MainViewController.xib */,
			);
			name = MainViewController;
			sourceTree = "<group>";
		};
		1ECF3F0F190DDECD00EB02AB /* ComicStripCell */ = {
			isa = PBXGroup;
			children = (
				1ECF3F10190DDF0C00EB02AB /* ComicStripCell.h */,
				1ECF3F11190DDF0C00EB02AB /* ComicStripCell.m */,
				1ECF3F13190DDF2100EB02AB /* ComicStripCell.xib */,
			);
			name = ComicStripCell;
			sourceTree = "<group>";
		};
		1ECF3F15190DE20100EB02AB /* Utils */ = {
			isa = PBXGroup;
			children = (
				1ECF3F16190DE20100EB02AB /* Utils.h */,
				1ECF3F17190DE20100EB02AB /* Utils.m */,
			);
			path = Utils;
			sourceTree = "<group>";
		};
		1ECF3F19190DE2B600EB02AB /* images */ = {
			isa = PBXGroup;
			children = (
				1ECF3F1A190DE2BD00EB02AB /* empty.png */,
			);
			path = images;
			sourceTree = "<group>";
		};
		1ECF3F20190DEBCC00EB02AB /* External */ = {
			isa = PBXGroup;
			children = (
				1EBBD014190FD13C0038B739 /* AFNetworking */,
				1EBBD028190FD13C0038B739 /* HTMLParser */,
			);
			name = External;
			sourceTree = "<group>";
		};
/* End PBXGroup section */

/* Begin PBXNativeTarget section */
		1ECF3ED2190DD8B000EB02AB /* WannaBeTheBatCoreSample */ = {
			isa = PBXNativeTarget;
			buildConfigurationList = 1ECF3EFF190DD8B000EB02AB /* Build configuration list for PBXNativeTarget "WannaBeTheBatCoreSample" */;
			buildPhases = (
				1ECF3ECF190DD8B000EB02AB /* Sources */,
				1ECF3ED0190DD8B000EB02AB /* Frameworks */,
				1ECF3ED1190DD8B000EB02AB /* Resources */,
			);
			buildRules = (
			);
			dependencies = (
			);
			name = WannaBeTheBatCoreSample;
			productName = WannaBeTheBatCoreSample;
			productReference = 1ECF3ED3190DD8B000EB02AB /* WannaBeTheBatCoreSample.app */;
			productType = "com.apple.product-type.application";
		};
/* End PBXNativeTarget section */

/* Begin PBXProject section */
		1ECF3ECB190DD8B000EB02AB /* Project object */ = {
			isa = PBXProject;
			attributes = {
				LastUpgradeCheck = 0500;
				ORGANIZATIONNAME = "renan veloso silva";
			};
			buildConfigurationList = 1ECF3ECE190DD8B000EB02AB /* Build configuration list for PBXProject "WannaBeTheBatCoreSample" */;
			compatibilityVersion = "Xcode 3.2";
			developmentRegion = English;
			hasScannedForEncodings = 0;
			knownRegions = (
				en,
			);
			mainGroup = 1ECF3ECA190DD8B000EB02AB;
			productRefGroup = 1ECF3ED4190DD8B000EB02AB /* Products */;
			projectDirPath = "";
			projectRoot = "";
			targets = (
				1ECF3ED2190DD8B000EB02AB /* WannaBeTheBatCoreSample */,
			);
		};
/* End PBXProject section */

/* Begin PBXResourcesBuildPhase section */
		1ECF3ED1190DD8B000EB02AB /* Resources */ = {
			isa = PBXResourcesBuildPhase;
			buildActionMask = 2147483647;
			files = (
				1ECF3EE1190DD8B000EB02AB /* InfoPlist.strings in Resources */,
				1ECF3F14190DDF2100EB02AB /* ComicStripCell.xib in Resources */,
				1EBBD03F190FD7250038B739 /* FullComicViewController.xib in Resources */,
				1ECF3F09190DDA7900EB02AB /* MainViewController.xib in Resources */,
				1ECF3F1B190DE2BD00EB02AB /* empty.png in Resources */,
			);
			runOnlyForDeploymentPostprocessing = 0;
		};
/* End PBXResourcesBuildPhase section */

/* Begin PBXSourcesBuildPhase section */
		1ECF3ECF190DD8B000EB02AB /* Sources */ = {
			isa = PBXSourcesBuildPhase;
			buildActionMask = 2147483647;
			files = (
				1EBBD035190FD13C0038B739 /* AFURLSessionManager.m in Sources */,
				1E9D2E251910810F0069AA18 /* CategoryModel.m in Sources */,
				1EBBD032190FD13C0038B739 /* AFURLConnectionOperation.m in Sources */,
				1EBBD02D190FD13C0038B739 /* AFHTTPRequestOperation.m in Sources */,
				1E9D2E2B1910810F0069AA18 /* AuthorModel.m in Sources */,
				1ECF3EE7190DD8B000EB02AB /* AppDelegate.m in Sources */,
				1EBBD02E190FD13C0038B739 /* AFHTTPRequestOperationManager.m in Sources */,
				1E9D2E2219107C5B0069AA18 /* CoreDataModel.xcdatamodeld in Sources */,
				1ECF3F08190DDA7900EB02AB /* MainViewController.m in Sources */,
				1EBBD037190FD13C0038B739 /* HTMLParser.m in Sources */,
				1EBBD02F190FD13C0038B739 /* AFHTTPSessionManager.m in Sources */,
				1ECF3F12190DDF0C00EB02AB /* ComicStripCell.m in Sources */,
				1ECF3F18190DE20100EB02AB /* Utils.m in Sources */,
				1ECF3EE3190DD8B000EB02AB /* main.m in Sources */,
				1EBBD031190FD13C0038B739 /* AFSecurityPolicy.m in Sources */,
				1ECF3F0D190DDDF300EB02AB /* WBBService.m in Sources */,
				1EBBD033190FD13C0038B739 /* AFURLRequestSerialization.m in Sources */,
				1EBBD036190FD13C0038B739 /* HTMLNode.m in Sources */,
				1EBBD030190FD13C0038B739 /* AFNetworkReachabilityManager.m in Sources */,
				1EBBD03E190FD7250038B739 /* FullComicViewController.m in Sources */,
				1EBBD034190FD13C0038B739 /* AFURLResponseSerialization.m in Sources */,
				1E9D2E281910810F0069AA18 /* ComicModel.m in Sources */,
			);
			runOnlyForDeploymentPostprocessing = 0;
		};
/* End PBXSourcesBuildPhase section */

/* Begin PBXVariantGroup section */
		1ECF3EDF190DD8B000EB02AB /* InfoPlist.strings */ = {
			isa = PBXVariantGroup;
			children = (
				1ECF3EE0190DD8B000EB02AB /* en */,
			);
			name = InfoPlist.strings;
			sourceTree = "<group>";
		};
/* End PBXVariantGroup section */

/* Begin XCBuildConfiguration section */
		1ECF3EFD190DD8B000EB02AB /* Debug */ = {
			isa = XCBuildConfiguration;
			buildSettings = {
				ALWAYS_SEARCH_USER_PATHS = NO;
				ARCHS = "$(ARCHS_STANDARD_INCLUDING_64_BIT)";
				CLANG_CXX_LANGUAGE_STANDARD = "gnu++0x";
				CLANG_CXX_LIBRARY = "libc++";
				CLANG_ENABLE_MODULES = YES;
				CLANG_ENABLE_OBJC_ARC = NO;
				CLANG_WARN_BOOL_CONVERSION = YES;
				CLANG_WARN_CONSTANT_CONVERSION = YES;
				CLANG_WARN_DIRECT_OBJC_ISA_USAGE = YES_ERROR;
				CLANG_WARN_EMPTY_BODY = YES;
				CLANG_WARN_ENUM_CONVERSION = YES;
				CLANG_WARN_INT_CONVERSION = YES;
				CLANG_WARN_OBJC_ROOT_CLASS = YES_ERROR;
				CLANG_WARN__DUPLICATE_METHOD_MATCH = YES;
				"CODE_SIGN_IDENTITY[sdk=iphoneos*]" = "iPhone Developer";
				COPY_PHASE_STRIP = NO;
				GCC_C_LANGUAGE_STANDARD = gnu99;
				GCC_DYNAMIC_NO_PIC = NO;
				GCC_OPTIMIZATION_LEVEL = 0;
				GCC_PREPROCESSOR_DEFINITIONS = (
					"DEBUG=1",
					"$(inherited)",
				);
				GCC_SYMBOLS_PRIVATE_EXTERN = NO;
				GCC_WARN_64_TO_32_BIT_CONVERSION = YES;
				GCC_WARN_ABOUT_RETURN_TYPE = YES_ERROR;
				GCC_WARN_UNDECLARED_SELECTOR = YES;
				GCC_WARN_UNINITIALIZED_AUTOS = YES;
				GCC_WARN_UNUSED_FUNCTION = YES;
				GCC_WARN_UNUSED_VARIABLE = YES;
				IPHONEOS_DEPLOYMENT_TARGET = 7.0;
				ONLY_ACTIVE_ARCH = YES;
				SDKROOT = iphoneos;
			};
			name = Debug;
		};
		1ECF3EFE190DD8B000EB02AB /* Release */ = {
			isa = XCBuildConfiguration;
			buildSettings = {
				ALWAYS_SEARCH_USER_PATHS = NO;
				ARCHS = "$(ARCHS_STANDARD_INCLUDING_64_BIT)";
				CLANG_CXX_LANGUAGE_STANDARD = "gnu++0x";
				CLANG_CXX_LIBRARY = "libc++";
				CLANG_ENABLE_MODULES = YES;
				CLANG_ENABLE_OBJC_ARC = NO;
				CLANG_WARN_BOOL_CONVERSION = YES;
				CLANG_WARN_CONSTANT_CONVERSION = YES;
				CLANG_WARN_DIRECT_OBJC_ISA_USAGE = YES_ERROR;
				CLANG_WARN_EMPTY_BODY = YES;
				CLANG_WARN_ENUM_CONVERSION = YES;
				CLANG_WARN_INT_CONVERSION = YES;
				CLANG_WARN_OBJC_ROOT_CLASS = YES_ERROR;
				CLANG_WARN__DUPLICATE_METHOD_MATCH = YES;
				"CODE_SIGN_IDENTITY[sdk=iphoneos*]" = "iPhone Developer";
				COPY_PHASE_STRIP = YES;
				ENABLE_NS_ASSERTIONS = NO;
				GCC_C_LANGUAGE_STANDARD = gnu99;
				GCC_WARN_64_TO_32_BIT_CONVERSION = YES;
				GCC_WARN_ABOUT_RETURN_TYPE = YES_ERROR;
				GCC_WARN_UNDECLARED_SELECTOR = YES;
				GCC_WARN_UNINITIALIZED_AUTOS = YES;
				GCC_WARN_UNUSED_FUNCTION = YES;
				GCC_WARN_UNUSED_VARIABLE = YES;
				IPHONEOS_DEPLOYMENT_TARGET = 7.0;
				SDKROOT = iphoneos;
				VALIDATE_PRODUCT = YES;
			};
			name = Release;
		};
		1ECF3F00190DD8B000EB02AB /* Debug */ = {
			isa = XCBuildConfiguration;
			buildSettings = {
				ASSETCATALOG_COMPILER_APPICON_NAME = AppIcon;
				ASSETCATALOG_COMPILER_LAUNCHIMAGE_NAME = LaunchImage;
				GCC_PRECOMPILE_PREFIX_HEADER = YES;
				GCC_PREFIX_HEADER = "WannaBeTheBatCoreSample/WannaBeTheBatCoreSample-Prefix.pch";
				HEADER_SEARCH_PATHS = (
					"$(inherited)",
					/Applications/Xcode.app/Contents/Developer/Toolchains/XcodeDefault.xctoolchain/usr/include,
					/usr/include/libxml2,
				);
				INFOPLIST_FILE = "WannaBeTheBatCoreSample/WannaBeTheBatCoreSample-Info.plist";
				PRODUCT_NAME = "$(TARGET_NAME)";
				WRAPPER_EXTENSION = app;
			};
			name = Debug;
		};
		1ECF3F01190DD8B000EB02AB /* Release */ = {
			isa = XCBuildConfiguration;
			buildSettings = {
				ASSETCATALOG_COMPILER_APPICON_NAME = AppIcon;
				ASSETCATALOG_COMPILER_LAUNCHIMAGE_NAME = LaunchImage;
				GCC_PRECOMPILE_PREFIX_HEADER = YES;
				GCC_PREFIX_HEADER = "WannaBeTheBatCoreSample/WannaBeTheBatCoreSample-Prefix.pch";
				HEADER_SEARCH_PATHS = (
					"$(inherited)",
					/Applications/Xcode.app/Contents/Developer/Toolchains/XcodeDefault.xctoolchain/usr/include,
					/usr/include/libxml2,
				);
				INFOPLIST_FILE = "WannaBeTheBatCoreSample/WannaBeTheBatCoreSample-Info.plist";
				PRODUCT_NAME = "$(TARGET_NAME)";
				WRAPPER_EXTENSION = app;
			};
			name = Release;
		};
/* End XCBuildConfiguration section */

/* Begin XCConfigurationList section */
		1ECF3ECE190DD8B000EB02AB /* Build configuration list for PBXProject "WannaBeTheBatCoreSample" */ = {
			isa = XCConfigurationList;
			buildConfigurations = (
				1ECF3EFD190DD8B000EB02AB /* Debug */,
				1ECF3EFE190DD8B000EB02AB /* Release */,
			);
			defaultConfigurationIsVisible = 0;
			defaultConfigurationName = Release;
		};
		1ECF3EFF190DD8B000EB02AB /* Build configuration list for PBXNativeTarget "WannaBeTheBatCoreSample" */ = {
			isa = XCConfigurationList;
			buildConfigurations = (
				1ECF3F00190DD8B000EB02AB /* Debug */,
				1ECF3F01190DD8B000EB02AB /* Release */,
			);
			defaultConfigurationIsVisible = 0;
			defaultConfigurationName = Release;
		};
/* End XCConfigurationList section */

/* Begin XCVersionGroup section */
		1E9D2E2019107C5B0069AA18 /* CoreDataModel.xcdatamodeld */ = {
			isa = XCVersionGroup;
			children = (
				1E9D2E2119107C5B0069AA18 /* CoreDataModel.xcdatamodel */,
			);
			currentVersion = 1E9D2E2119107C5B0069AA18 /* CoreDataModel.xcdatamodel */;
			name = CoreDataModel.xcdatamodeld;
			path = CoreData/CoreDataModel.xcdatamodeld;
			sourceTree = "<group>";
			versionGroupType = wrapper.xcdatamodel;
		};
/* End XCVersionGroup section */
	};
	rootObject = 1ECF3ECB190DD8B000EB02AB /* Project object */;
}
